
Microsoft Visual Studio Solution File, Format Version 12.00
Project("{FAE04EC0-301F-11D3-BF4B-00C04F79EFBC}") = "WebAPI", "WebAPI\WebAPI.csproj", "{D415943B-1C8C-4A63-9FBA-A25D4A960386}"
EndProject
Project("{FAE04EC0-301F-11D3-BF4B-00C04F79EFBC}") = "Domain", "Domain\Domain.csproj", "{D2BE7457-E5EA-4ADB-B5AF-EE93A3DB2CC5}"
EndProject
Project("{FAE04EC0-301F-11D3-BF4B-00C04F79EFBC}") = "Persistence", "Persistence\Persistence.csproj", "{790530E1-3C1A-4ED2-9FD2-015D02297667}"
EndProject
Project("{2150E333-8FDC-42A3-9474-1A3956D46DE8}") = "core", "core", "{55E73EC7-FA82-4074-9B39-60BF6E2D5AB9}"
EndProject
Project("{FAE04EC0-301F-11D3-BF4B-00C04F79EFBC}") = "Core.Application", "core\Core.Application\Core.Application.csproj", "{D50F69D0-9A8B-448C-BB5A-86E9189B3994}"
EndProject
Project("{FAE04EC0-301F-11D3-BF4B-00C04F79EFBC}") = "Core.CrossCuttingConcerns", "core\Core.CrossCuttingConcerns\Core.CrossCuttingConcerns.csproj", "{32ABC116-D94A-4165-B552-E793885839A8}"
EndProject
Project("{FAE04EC0-301F-11D3-BF4B-00C04F79EFBC}") = "Core.Persistence", "core\Core.Persistence\Core.Persistence.csproj", "{7F8498EC-E097-415B-97EA-45190B95AC8E}"
EndProject
Project("{FAE04EC0-301F-11D3-BF4B-00C04F79EFBC}") = "Application", "Application\Application.csproj", "{B860554C-F774-450D-B5C3-672C6889F40E}"
EndProject
Global
	GlobalSection(SolutionConfigurationPlatforms) = preSolution
		Debug|Any CPU = Debug|Any CPU
		Release|Any CPU = Release|Any CPU
	EndGlobalSection
	GlobalSection(ProjectConfigurationPlatforms) = postSolution
		{D415943B-1C8C-4A63-9FBA-A25D4A960386}.Debug|Any CPU.ActiveCfg = Debug|Any CPU
		{D415943B-1C8C-4A63-9FBA-A25D4A960386}.Debug|Any CPU.Build.0 = Debug|Any CPU
		{D415943B-1C8C-4A63-9FBA-A25D4A960386}.Release|Any CPU.ActiveCfg = Release|Any CPU
		{D415943B-1C8C-4A63-9FBA-A25D4A960386}.Release|Any CPU.Build.0 = Release|Any CPU
		{D2BE7457-E5EA-4ADB-B5AF-EE93A3DB2CC5}.Debug|Any CPU.ActiveCfg = Debug|Any CPU
		{D2BE7457-E5EA-4ADB-B5AF-EE93A3DB2CC5}.Debug|Any CPU.Build.0 = Debug|Any CPU
		{D2BE7457-E5EA-4ADB-B5AF-EE93A3DB2CC5}.Release|Any CPU.ActiveCfg = Release|Any CPU
		{D2BE7457-E5EA-4ADB-B5AF-EE93A3DB2CC5}.Release|Any CPU.Build.0 = Release|Any CPU
		{790530E1-3C1A-4ED2-9FD2-015D02297667}.Debug|Any CPU.ActiveCfg = Debug|Any CPU
		{790530E1-3C1A-4ED2-9FD2-015D02297667}.Debug|Any CPU.Build.0 = Debug|Any CPU
		{790530E1-3C1A-4ED2-9FD2-015D02297667}.Release|Any CPU.ActiveCfg = Release|Any CPU
		{790530E1-3C1A-4ED2-9FD2-015D02297667}.Release|Any CPU.Build.0 = Release|Any CPU
		{D50F69D0-9A8B-448C-BB5A-86E9189B3994}.Debug|Any CPU.ActiveCfg = Debug|Any CPU
		{D50F69D0-9A8B-448C-BB5A-86E9189B3994}.Debug|Any CPU.Build.0 = Debug|Any CPU
		{D50F69D0-9A8B-448C-BB5A-86E9189B3994}.Release|Any CPU.ActiveCfg = Release|Any CPU
		{D50F69D0-9A8B-448C-BB5A-86E9189B3994}.Release|Any CPU.Build.0 = Release|Any CPU
		{32ABC116-D94A-4165-B552-E793885839A8}.Debug|Any CPU.ActiveCfg = Debug|Any CPU
		{32ABC116-D94A-4165-B552-E793885839A8}.Debug|Any CPU.Build.0 = Debug|Any CPU
		{32ABC116-D94A-4165-B552-E793885839A8}.Release|Any CPU.ActiveCfg = Release|Any CPU
		{32ABC116-D94A-4165-B552-E793885839A8}.Release|Any CPU.Build.0 = Release|Any CPU
		{7F8498EC-E097-415B-97EA-45190B95AC8E}.Debug|Any CPU.ActiveCfg = Debug|Any CPU
		{7F8498EC-E097-415B-97EA-45190B95AC8E}.Debug|Any CPU.Build.0 = Debug|Any CPU
		{7F8498EC-E097-415B-97EA-45190B95AC8E}.Release|Any CPU.ActiveCfg = Release|Any CPU
		{7F8498EC-E097-415B-97EA-45190B95AC8E}.Release|Any CPU.Build.0 = Release|Any CPU
		{B860554C-F774-450D-B5C3-672C6889F40E}.Debug|Any CPU.ActiveCfg = Debug|Any CPU
		{B860554C-F774-450D-B5C3-672C6889F40E}.Debug|Any CPU.Build.0 = Debug|Any CPU
		{B860554C-F774-450D-B5C3-672C6889F40E}.Release|Any CPU.ActiveCfg = Release|Any CPU
		{B860554C-F774-450D-B5C3-672C6889F40E}.Release|Any CPU.Build.0 = Release|Any CPU
	EndGlobalSection
	GlobalSection(NestedProjects) = preSolution
		{D50F69D0-9A8B-448C-BB5A-86E9189B3994} = {55E73EC7-FA82-4074-9B39-60BF6E2D5AB9}
		{32ABC116-D94A-4165-B552-E793885839A8} = {55E73EC7-FA82-4074-9B39-60BF6E2D5AB9}
		{7F8498EC-E097-415B-97EA-45190B95AC8E} = {55E73EC7-FA82-4074-9B39-60BF6E2D5AB9}
	EndGlobalSection
EndGlobal
